lockVersion: 2.0.0
id: e211e46d-611d-4cc7-989e-d8dddf6b04d5
management:
  docChecksum: 9701c93f7184f83473dab4a995d79974
  docVersion: 1.0.14
  speakeasyVersion: 1.531.0
  generationVersion: 2.568.2
  releaseVersion: 0.0.6
  configChecksum: 0a0285b3685a56d65f2ce04c1c67bdfd
  repoURL: https://github.com/skylight-ai/skylight-python-sdk.git
  installationURL: https://github.com/skylight-ai/skylight-python-sdk.git
  published: true
features:
  python:
    additionalDependencies: 1.0.0
    constsAndDefaults: 1.0.5
    core: 5.12.6
    defaultEnabledRetries: 0.2.0
    devContainers: 3.0.0
    enumUnions: 0.1.0
    envVarSecurityUsage: 0.3.2
    flatRequests: 1.0.1
    flattening: 3.1.1
    globalSecurity: 3.0.3
    globalSecurityCallbacks: 1.0.0
    globalSecurityFlattening: 1.0.0
    globalServerURLs: 3.1.0
    methodArguments: 1.0.2
    nullables: 1.0.1
    responseFormat: 1.0.1
    retries: 3.0.2
    sdkHooks: 1.0.1
    unions: 3.0.4
generatedFiles:
  - .devcontainer/README.md
  - .devcontainer/devcontainer.json
  - .devcontainer/setup.sh
  - .gitattributes
  - .python-version
  - .vscode/settings.json
  - USAGE.md
  - docs/models/activeoperationresponse.md
  - docs/models/agentstatusresponse.md
  - docs/models/button.md
  - docs/models/clauderequest.md
  - docs/models/clickrequest.md
  - docs/models/clickrequest1.md
  - docs/models/dragrequest.md
  - docs/models/dragrequest1.md
  - docs/models/dragrequestbutton.md
  - docs/models/errorresponse.md
  - docs/models/files.md
  - docs/models/forbiddenerrorresponse.md
  - docs/models/getfilerequest.md
  - docs/models/httpvalidationerror.md
  - docs/models/inactiveoperationresponse.md
  - docs/models/installrequest.md
  - docs/models/instancerequest.md
  - docs/models/instanceslistresponse.md
  - docs/models/instancestartresponse.md
  - docs/models/instancestatusresponse.md
  - docs/models/keypressrequest.md
  - docs/models/keyrequest.md
  - docs/models/loc.md
  - docs/models/messages.md
  - docs/models/mousemoverequest.md
  - docs/models/moverequest.md
  - docs/models/packageinstallrequest.md
  - docs/models/packageinstallresponse.md
  - docs/models/pauserequest.md
  - docs/models/resumerequest.md
  - docs/models/runrequest.md
  - docs/models/screenshotrequest.md
  - docs/models/screenshotresponse.md
  - docs/models/scrollrequest.md
  - docs/models/scrollrequest1.md
  - docs/models/security.md
  - docs/models/servererrorresponse.md
  - docs/models/standardresponse.md
  - docs/models/staterequest.md
  - docs/models/statusrequest.md
  - docs/models/stoprequest.md
  - docs/models/terminaterequest.md
  - docs/models/typerequest.md
  - docs/models/typerequest1.md
  - docs/models/utils/retryconfig.md
  - docs/models/validationerror.md
  - docs/sdks/agent/README.md
  - docs/sdks/interact/README.md
  - docs/sdks/skylight/README.md
  - docs/sdks/windows/README.md
  - poetry.toml
  - py.typed
  - pylintrc
  - pyproject.toml
  - scripts/prepare_readme.py
  - scripts/publish.sh
  - src/skylight_sdk/__init__.py
  - src/skylight_sdk/_hooks/__init__.py
  - src/skylight_sdk/_hooks/sdkhooks.py
  - src/skylight_sdk/_hooks/types.py
  - src/skylight_sdk/_version.py
  - src/skylight_sdk/agent.py
  - src/skylight_sdk/basesdk.py
  - src/skylight_sdk/httpclient.py
  - src/skylight_sdk/interact.py
  - src/skylight_sdk/models/__init__.py
  - src/skylight_sdk/models/activeoperationresponse.py
  - src/skylight_sdk/models/agentstatusresponse.py
  - src/skylight_sdk/models/apierror.py
  - src/skylight_sdk/models/clauderequest.py
  - src/skylight_sdk/models/clickop.py
  - src/skylight_sdk/models/clickrequest.py
  - src/skylight_sdk/models/dragop.py
  - src/skylight_sdk/models/dragrequest.py
  - src/skylight_sdk/models/errorresponse.py
  - src/skylight_sdk/models/forbiddenerrorresponse.py
  - src/skylight_sdk/models/get_fileop.py
  - src/skylight_sdk/models/httpvalidationerror.py
  - src/skylight_sdk/models/inactiveoperationresponse.py
  - src/skylight_sdk/models/installop.py
  - src/skylight_sdk/models/instancerequest.py
  - src/skylight_sdk/models/instanceslistresponse.py
  - src/skylight_sdk/models/instancestartresponse.py
  - src/skylight_sdk/models/instancestatusresponse.py
  - src/skylight_sdk/models/keypressop.py
  - src/skylight_sdk/models/keyrequest.py
  - src/skylight_sdk/models/mousemoverequest.py
  - src/skylight_sdk/models/moveop.py
  - src/skylight_sdk/models/packageinstallrequest.py
  - src/skylight_sdk/models/packageinstallresponse.py
  - src/skylight_sdk/models/pauseop.py
  - src/skylight_sdk/models/resumeop.py
  - src/skylight_sdk/models/runop.py
  - src/skylight_sdk/models/screenshotop.py
  - src/skylight_sdk/models/screenshotresponse.py
  - src/skylight_sdk/models/scrollop.py
  - src/skylight_sdk/models/scrollrequest.py
  - src/skylight_sdk/models/security.py
  - src/skylight_sdk/models/servererrorresponse.py
  - src/skylight_sdk/models/standardresponse.py
  - src/skylight_sdk/models/stateop.py
  - src/skylight_sdk/models/statusop.py
  - src/skylight_sdk/models/stopop.py
  - src/skylight_sdk/models/terminateop.py
  - src/skylight_sdk/models/typeop.py
  - src/skylight_sdk/models/typerequest.py
  - src/skylight_sdk/models/validationerror.py
  - src/skylight_sdk/py.typed
  - src/skylight_sdk/sdk.py
  - src/skylight_sdk/sdkconfiguration.py
  - src/skylight_sdk/types/__init__.py
  - src/skylight_sdk/types/basemodel.py
  - src/skylight_sdk/utils/__init__.py
  - src/skylight_sdk/utils/annotations.py
  - src/skylight_sdk/utils/enums.py
  - src/skylight_sdk/utils/eventstreaming.py
  - src/skylight_sdk/utils/forms.py
  - src/skylight_sdk/utils/headers.py
  - src/skylight_sdk/utils/logger.py
  - src/skylight_sdk/utils/metadata.py
  - src/skylight_sdk/utils/queryparams.py
  - src/skylight_sdk/utils/requestbodies.py
  - src/skylight_sdk/utils/retries.py
  - src/skylight_sdk/utils/security.py
  - src/skylight_sdk/utils/serializers.py
  - src/skylight_sdk/utils/url.py
  - src/skylight_sdk/utils/values.py
  - src/skylight_sdk/windows.py
examples:
  start:
    speakeasy-default-start:
      responses:
        "200":
          application/json: {"instance_id": "<string>", "message": "Instance ready to use", "livestream_url": "launchskylight.com/embed/i-123456", "state": "running"}
        "403":
          application/json: {"detail": "Access forbidden: Invalid API key or insufficient balance"}
        "422":
          application/json: {}
        "500":
          application/json: {"detail": "An internal server error occurred while processing your request"}
  install:
    speakeasy-default-install:
      parameters:
        path:
          instance_id: "<id>"
      requestBody:
        application/json: {"packages": ["<value>"]}
      responses:
        "200":
          application/json: {"status": "success", "message": "Operation completed successfully", "state": "running", "command_id": "<string>"}
        "403":
          application/json: {"detail": "Access forbidden: Invalid API key or insufficient balance"}
        "422":
          application/json: {}
        "500":
          application/json: {"detail": "An internal server error occurred while processing your request"}
        "404":
          application/json: {"detail": "<string>"}
  pause:
    speakeasy-default-pause:
      parameters:
        path:
          instance_id: "<id>"
      responses:
        "200":
          application/json: {"status": "success", "message": "Operation completed successfully", "state": "running"}
        "403":
          application/json: {"detail": "Access forbidden: Invalid API key or insufficient balance"}
        "422":
          application/json: {}
        "500":
          application/json: {"detail": "An internal server error occurred while processing your request"}
  resume:
    speakeasy-default-resume:
      parameters:
        path:
          instance_id: "<id>"
      responses:
        "200":
          application/json: {"status": "success", "message": "Operation completed successfully", "state": "running", "livestream_url": "launchskylight.com/embed/i-123456"}
        "403":
          application/json: {"detail": "Access forbidden: Invalid API key or insufficient balance"}
        "422":
          application/json: {}
        "500":
          application/json: {"detail": "An internal server error occurred while processing your request"}
  state:
    speakeasy-default-state:
      parameters:
        path:
          instance_id: "<id>"
      responses:
        "200":
          application/json: {"instance_id": "i-123456", "state": "running", "timeout": 60, "used_minutes": 10, "knowledge": "unknown", "livestream_url": "launchskylight.com/embed/i-123456", "assigned_at": "2023-01-01T12:00:00Z"}
        "403":
          application/json: {"detail": "Access forbidden: Invalid API key or insufficient balance"}
        "422":
          application/json: {}
        "500":
          application/json: {"detail": "An internal server error occurred while processing your request"}
  instances:
    speakeasy-default-instances:
      responses:
        "200":
          application/json: {"instances": [{"instance_id": "i-123456", "state": "running", "timeout": 60, "used_minutes": 10, "knowledge": "The user previously asked to perform ....", "livestream_url": "https://launchskylight.com/embed/i-123456", "assigned_at": "2023-01-01T12:00:00Z"}]}
        "403":
          application/json: {"detail": "Access forbidden: Invalid API key or insufficient balance"}
        "500":
          application/json: {"detail": "An internal server error occurred while processing your request"}
  terminate:
    speakeasy-default-terminate:
      parameters:
        path:
          instance_id: "<id>"
      responses:
        "200":
          application/json: {"status": "success", "message": "Operation completed successfully", "state": "running"}
        "403":
          application/json: {"detail": "Access forbidden: Invalid API key or insufficient balance"}
        "422":
          application/json: {}
        "500":
          application/json: {"detail": "An internal server error occurred while processing your request"}
  click:
    speakeasy-default-click:
      parameters:
        path:
          instance_id: "<id>"
      requestBody:
        application/json: {"x": 100, "y": 200, "button": "left", "clicks": 1, "interval": 0}
      responses:
        "200":
          application/json: {"status": "success", "message": "<string>"}
        "403":
          application/json: {"detail": "Access forbidden: Invalid API key or insufficient balance"}
        "422":
          application/json: {}
        "500":
          application/json: {"detail": "An internal server error occurred while processing your request"}
        "404":
          application/json: {"detail": "<string>"}
  drag:
    speakeasy-default-drag:
      parameters:
        path:
          instance_id: "<id>"
      requestBody:
        application/json: {"path": [{"x": 100, "y": 200}], "button": "left", "step": 5}
      responses:
        "200":
          application/json: {"status": "success", "message": "<string>"}
        "403":
          application/json: {"detail": "Access forbidden: Invalid API key or insufficient balance"}
        "422":
          application/json: {}
        "500":
          application/json: {"detail": "An internal server error occurred while processing your request"}
        "404":
          application/json: {"detail": "<string>"}
  screenshot:
    speakeasy-default-screenshot:
      parameters:
        path:
          instance_id: "<id>"
      responses:
        "200":
          application/json: {"image": "base64_encoded_image_data"}
        "403":
          application/json: {"detail": "Access forbidden: Invalid API key or insufficient balance"}
        "422":
          application/json: {}
        "500":
          application/json: {"detail": "An internal server error occurred while processing your request"}
        "404":
          application/json: {"detail": "<string>"}
  move:
    speakeasy-default-move:
      parameters:
        path:
          instance_id: "<id>"
      requestBody:
        application/json: {"x": 100, "y": 200}
      responses:
        "200":
          application/json: {"status": "success", "message": "<string>"}
        "403":
          application/json: {"detail": "Access forbidden: Invalid API key or insufficient balance"}
        "422":
          application/json: {}
        "500":
          application/json: {"detail": "An internal server error occurred while processing your request"}
        "404":
          application/json: {"detail": "<string>"}
  keypress:
    speakeasy-default-keypress:
      parameters:
        path:
          instance_id: "<id>"
      requestBody:
        application/json: {"keys": ["super", "shift", "s"]}
      responses:
        "200":
          application/json: {"status": "success", "message": "<string>"}
        "403":
          application/json: {"detail": "Access forbidden: Invalid API key or insufficient balance"}
        "422":
          application/json: {}
        "500":
          application/json: {"detail": "An internal server error occurred while processing your request"}
        "400":
          application/json: {"detail": "<string>"}
  type:
    speakeasy-default-type:
      parameters:
        path:
          instance_id: "<id>"
      requestBody:
        application/json: {"text": "Hello, world!", "interval": 0.05}
      responses:
        "200":
          application/json: {"status": "success", "message": "<string>"}
        "403":
          application/json: {"detail": "Access forbidden: Invalid API key or insufficient balance"}
        "422":
          application/json: {}
        "500":
          application/json: {"detail": "An internal server error occurred while processing your request"}
        "404":
          application/json: {"detail": "<string>"}
  scroll:
    speakeasy-default-scroll:
      parameters:
        path:
          instance_id: "<id>"
      requestBody:
        application/json: {"x": 100, "y": 200, "scroll_x": 0, "scroll_y": 100, "step": 20}
      responses:
        "200":
          application/json: {"status": "success", "message": "<string>"}
        "403":
          application/json: {"detail": "Access forbidden: Invalid API key or insufficient balance"}
        "422":
          application/json: {}
        "500":
          application/json: {"detail": "An internal server error occurred while processing your request"}
        "404":
          application/json: {"detail": "<string>"}
  get_file:
    speakeasy-default-get-file:
      parameters:
        path:
          instance_id: "<id>"
      requestBody:
        application/json: {"key": "<value>"}
      responses:
        "200":
          application/json: {}
        "403":
          application/json: {"detail": "<string>"}
        "422":
          application/json: {}
        "500":
          application/json: {"detail": "<string>"}
    "":
      parameters:
        path:
          instance_id: "<id>"
      requestBody:
        application/json: {"key": "<value>"}
      responses:
        "200":
          application/json: {"download_url": "https://s3.amazonaws.com/bucket/file?token=...", "expires_in": 3600}
  run:
    speakeasy-default-run:
      parameters:
        path:
          instance_id: "<id>"
      requestBody:
        application/json: {"query": "Search for something on the VM"}
      responses:
        "200":
          application/json: {"status": "success", "message": "<string>"}
        "422":
          application/json: {}
        "500":
          application/json: {"detail": "<string>"}
  stop:
    speakeasy-default-stop:
      parameters:
        path:
          instance_id: "<id>"
      responses:
        "200":
          application/json: {"status": "success", "message": "<string>"}
        "404":
          application/json: {"detail": "<string>"}
        "422":
          application/json: {}
        "500":
          application/json: {"detail": "<string>"}
  status:
    speakeasy-default-status:
      parameters:
        path:
          agent_id: "<id>"
      responses:
        "200":
          application/json: {"agent_status": "running", "is_running": true, "total_steps": 5, "final_summary": "Successfully completed all tasks", "files": [{}], "messages": ["<value>"], "created_at": "2023-01-01T12:00:00Z", "query": "Find and download information about Windows", "agent_id": "agent-123456"}
        "404":
          application/json: {"detail": "<string>"}
        "422":
          application/json: {}
        "500":
          application/json: {"detail": "<string>"}
examplesVersion: 1.0.1
generatedTests: {}
