speakeasyVersion: 1.529.1
sources:
    Skylight API:
        sourceNamespace: skylight-api
        sourceRevisionDigest: sha256:d782d4757f128f096b6a002168238a2d12ab182e737a0cd531eeaed0042be3cc
        sourceBlobDigest: sha256:84ea6d4bdb808522f0bd26c68f62eb1ef6e7668ae0a980ad0abadd4579a412ff
        tags:
            - latest
            - speakeasy-sdk-regen-1743970436
            - 1.0.7
targets:
    skylight:
        source: Skylight API
        sourceNamespace: skylight-api
        sourceRevisionDigest: sha256:d782d4757f128f096b6a002168238a2d12ab182e737a0cd531eeaed0042be3cc
        sourceBlobDigest: sha256:84ea6d4bdb808522f0bd26c68f62eb1ef6e7668ae0a980ad0abadd4579a412ff
        codeSamplesNamespace: skylight-api-python-code-samples
        codeSamplesRevisionDigest: sha256:9cd03b16c934dbfb9ce22e06544416aa843f2b1960d759e8c1d0b9ed368c1255
workflow:
    workflowVersion: 1.0.0
    speakeasyVersion: latest
    sources:
        Skylight API:
            inputs:
                - location: openapi.json
            registry:
                location: registry.speakeasyapi.dev/picocrowd/windows/skylight-api
    targets:
        skylight:
            target: python
            source: Skylight API
            publish:
                pypi:
                    token: $pypi_token
            codeSamples:
                output: code-samples.yaml
                registry:
                    location: registry.speakeasyapi.dev/picocrowd/windows/skylight-api-python-code-samples
                labelOverride:
                    fixedValue: Python (SDK)
                blocking: false
